// !$*UTF8*$!
{
	archiveVersion = 1;
	classes = {
	};
	objectVersion = 50;
	objects = {

/* Begin PBXBuildFile section */
		89E768ED24F0AE0D00912111 /* AppDelegate.swift in Sources */ = {isa = PBXBuildFile; fileRef = 89E768EC24F0AE0D00912111 /* AppDelegate.swift */; };
		89E768EF24F0AE0D00912111 /* SceneDelegate.swift in Sources */ = {isa = PBXBuildFile; fileRef = 89E768EE24F0AE0D00912111 /* SceneDelegate.swift */; };
		89E768F124F0AE0D00912111 /* ViewController.swift in Sources */ = {isa = PBXBuildFile; fileRef = 89E768F024F0AE0D00912111 /* ViewController.swift */; };
		89E768F424F0AE0D00912111 /* Main.storyboard in Resources */ = {isa = PBXBuildFile; fileRef = 89E768F224F0AE0D00912111 /* Main.storyboard */; };
		89E768F624F0AE1100912111 /* Assets.xcassets in Resources */ = {isa = PBXBuildFile; fileRef = 89E768F524F0AE1100912111 /* Assets.xcassets */; };
		89E768F924F0AE1100912111 /* LaunchScreen.storyboard in Resources */ = {isa = PBXBuildFile; fileRef = 89E768F724F0AE1100912111 /* LaunchScreen.storyboard */; };
/* End PBXBuildFile section */

/* Begin PBXFileReference section */
		89E768E924F0AE0D00912111 /* Sports Matching.app */ = {isa = PBXFileReference; explicitFileType = wrapper.application; includeInIndex = 0; path = "Sports Matching.app"; sourceTree = BUILT_PRODUCTS_DIR; };
		89E768EC24F0AE0D00912111 /* AppDelegate.swift */ = {isa = PBXFileReference; lastKnownFileType = sourcecode.swift; path = AppDelegate.swift; sourceTree = "<group>"; };
		89E768EE24F0AE0D00912111 /* SceneDelegate.swift */ = {isa = PBXFileReference; lastKnownFileType = sourcecode.swift; path = SceneDelegate.swift; sourceTree = "<group>"; };
		89E768F024F0AE0D00912111 /* ViewController.swift */ = {isa = PBXFileReference; lastKnownFileType = sourcecode.swift; path = ViewController.swift; sourceTree = "<group>"; };
		89E768F324F0AE0D00912111 /* Base */ = {isa = PBXFileReference; lastKnownFileType = file.storyboard; name = Base; path = Base.lproj/Main.storyboard; sourceTree = "<group>"; };
		89E768F524F0AE1100912111 /* Assets.xcassets */ = {isa = PBXFileReference; lastKnownFileType = folder.assetcatalog; path = Assets.xcassets; sourceTree = "<group>"; };
		89E768F824F0AE1100912111 /* Base */ = {isa = PBXFileReference; lastKnownFileType = file.storyboard; name = Base; path = Base.lproj/LaunchScreen.storyboard; sourceTree = "<group>"; };
		89E768FA24F0AE1100912111 /* Info.plist */ = {isa = PBXFileReference; lastKnownFileType = text.plist.xml; path = Info.plist; sourceTree = "<group>"; };
/* End PBXFileReference section */

/* Begin PBXFrameworksBuildPhase section */
		89E768E624F0AE0D00912111 /* Frameworks */ = {
			isa = PBXFrameworksBuildPhase;
			buildActionMask = 2147483647;
			files = (
			);
			runOnlyForDeploymentPostprocessing = 0;
		};
/* End PBXFrameworksBuildPhase section */

/* Begin PBXGroup section */
		89E768E024F0AE0D00912111 = {
			isa = PBXGroup;
			children = (
				89E768EB24F0AE0D00912111 /* Sports Matching */,
				89E768EA24F0AE0D00912111 /* Products */,
			);
			sourceTree = "<group>";
		};
		89E768EA24F0AE0D00912111 /* Products */ = {
			isa = PBXGroup;
			children = (
				89E768E924F0AE0D00912111 /* Sports Matching.app */,
			);
			name = Products;
			sourceTree = "<group>";
		};
		89E768EB24F0AE0D00912111 /* Sports Matching */ = {
			isa = PBXGroup;
			children = (
				89E768EC24F0AE0D00912111 /* AppDelegate.swift */,
				89E768EE24F0AE0D00912111 /* SceneDelegate.swift */,
				89E768F024F0AE0D00912111 /* ViewController.swift */,
				89E768F224F0AE0D00912111 /* Main.storyboard */,
				89E768F524F0AE1100912111 /* Assets.xcassets */,
				89E768F724F0AE1100912111 /* LaunchScreen.storyboard */,
				89E768FA24F0AE1100912111 /* Info.plist */,
			);
			path = "Sports Matching";
			sourceTree = "<group>";
		};
/* End PBXGroup section */

/* Begin PBXNativeTarget section */
		89E768E824F0AE0D00912111 /* Sports Matching */ = {
			isa = PBXNativeTarget;
			buildConfigurationList = 89E768FD24F0AE1100912111 /* Build configuration list for PBXNativeTarget "Sports Matching" */;
			buildPhases = (
				89E768E524F0AE0D00912111 /* Sources */,
				89E768E624F0AE0D00912111 /* Frameworks */,
				89E768E724F0AE0D00912111 /* Resources */,
			);
			buildRules = (
			);
			dependencies = (
			);
			name = "Sports Matching";
			productName = "Sports Matching";
			productReference = 89E768E924F0AE0D00912111 /* Sports Matching.app */;
			productType = "com.apple.product-type.application";
		};
/* End PBXNativeTarget section */

/* Begin PBXProject section */
		89E768E124F0AE0D00912111 /* Project object */ = {
			isa = PBXProject;
			attributes = {
				LastSwiftUpdateCheck = 1160;
				LastUpgradeCheck = 1160;
				ORGANIZATIONNAME = "Eshaan Govil";
				TargetAttributes = {
					89E768E824F0AE0D00912111 = {
						CreatedOnToolsVersion = 11.6;
					};
				};
			};
			buildConfigurationList = 89E768E424F0AE0D00912111 /* Build configuration list for PBXProject "Sports Matching" */;
			compatibilityVersion = "Xcode 9.3";
			developmentRegion = en;
			hasScannedForEncodings = 0;
			knownRegions = (
				en,
				Base,
			);
			mainGroup = 89E768E024F0AE0D00912111;
			productRefGroup = 89E768EA24F0AE0D00912111 /* Products */;
			projectDirPath = "";
			projectRoot = "";
			targets = (
				89E768E824F0AE0D00912111 /* Sports Matching */,
			);
		};
/* End PBXProject section */

/* Begin PBXResourcesBuildPhase section */
		89E768E724F0AE0D00912111 /* Resources */ = {
			isa = PBXResourcesBuildPhase;
			buildActionMask = 2147483647;
			files = (
				89E768F924F0AE1100912111 /* LaunchScreen.storyboard in Resources */,
				89E768F624F0AE1100912111 /* Assets.xcassets in Resources */,
				89E768F424F0AE0D00912111 /* Main.storyboard in Resources */,
			);
			runOnlyForDeploymentPostprocessing = 0;
		};
/* End PBXResourcesBuildPhase section */

/* Begin PBXSourcesBuildPhase section */
		89E768E524F0AE0D00912111 /* Sources */ = {
			isa = PBXSourcesBuildPhase;
			buildActionMask = 2147483647;
			files = (
				89E768F124F0AE0D00912111 /* ViewController.swift in Sources */,
				89E768ED24F0AE0D00912111 /* AppDelegate.swift in Sources */,
				89E768EF24F0AE0D00912111 /* SceneDelegate.swift in Sources */,
			);
			runOnlyForDeploymentPostprocessing = 0;
		};
/* End PBXSourcesBuildPhase section */

/* Begin PBXVariantGroup section */
		89E768F224F0AE0D00912111 /* Main.storyboard */ = {
			isa = PBXVariantGroup;
			children = (
				89E768F324F0AE0D00912111 /* Base */,
			);
			name = Main.storyboard;
			sourceTree = "<group>";
		};
		89E768F724F0AE1100912111 /* LaunchScreen.storyboard */ = {
			isa = PBXVariantGroup;
			children = (
				89E768F824F0AE1100912111 /* Base */,
			);
			name = LaunchScreen.storyboard;
			sourceTree = "<group>";
		};
/* End PBXVariantGroup section */

/* Begin XCBuildConfiguration section */
		89E768FB24F0AE1100912111 /* Debug */ = {
			isa = XCBuildConfiguration;
			buildSettings = {
				ALWAYS_SEARCH_USER_PATHS = NO;
				CLANG_ANALYZER_NONNULL = YES;
				CLANG_ANALYZER_NUMBER_OBJECT_CONVERSION = YES_AGGRESSIVE;
				CLANG_CXX_LANGUAGE_STANDARD = "gnu++14";
				CLANG_CXX_LIBRARY = "libc++";
				CLANG_ENABLE_MODULES = YES;
				CLANG_ENABLE_OBJC_ARC = YES;
				CLANG_ENABLE_OBJC_WEAK = YES;
				CLANG_WARN_BLOCK_CAPTURE_AUTORELEASING = YES;
				CLANG_WARN_BOOL_CONVERSION = YES;
				CLANG_WARN_COMMA = YES;
				CLANG_WARN_CONSTANT_CONVERSION = YES;
				CLANG_WARN_DEPRECATED_OBJC_IMPLEMENTATIONS = YES;
				CLANG_WARN_DIRECT_OBJC_ISA_USAGE = YES_ERROR;
				CLANG_WARN_DOCUMENTATION_COMMENTS = YES;
				CLANG_WARN_EMPTY_BODY = YES;
				CLANG_WARN_ENUM_CONVERSION = YES;
				CLANG_WARN_INFINITE_RECURSION = YES;
				CLANG_WARN_INT_CONVERSION = YES;
				CLANG_WARN_NON_LITERAL_NULL_CONVERSION = YES;
				CLANG_WARN_OBJC_IMPLICIT_RETAIN_SELF = YES;
				CLANG_WARN_OBJC_LITERAL_CONVERSION = YES;
				CLANG_WARN_OBJC_ROOT_CLASS = YES_ERROR;
				CLANG_WARN_RANGE_LOOP_ANALYSIS = YES;
				CLANG_WARN_STRICT_PROTOTYPES = YES;
				CLANG_WARN_SUSPICIOUS_MOVE = YES;
				CLANG_WARN_UNGUARDED_AVAILABILITY = YES_AGGRESSIVE;
				CLANG_WARN_UNREACHABLE_CODE = YES;
				CLANG_WARN__DUPLICATE_METHOD_MATCH = YES;
				COPY_PHASE_STRIP = NO;
				DEBUG_INFORMATION_FORMAT = dwarf;
				ENABLE_STRICT_OBJC_MSGSEND = YES;
				ENABLE_TESTABILITY = YES;
				GCC_C_LANGUAGE_STANDARD = gnu11;
				GCC_DYNAMIC_NO_PIC = NO;
				GCC_NO_COMMON_BLOCKS = YES;
				GCC_OPTIMIZATION_LEVEL = 0;
				GCC_PREPROCESSOR_DEFINITIONS = (
					"DEBUG=1",
					"$(inherited)",
				);
				GCC_WARN_64_TO_32_BIT_CONVERSION = YES;
				GCC_WARN_ABOUT_RETURN_TYPE = YES_ERROR;
				GCC_WARN_UNDECLARED_SELECTOR = YES;
				GCC_WARN_UNINITIALIZED_AUTOS = YES_AGGRESSIVE;
				GCC_WARN_UNUSED_FUNCTION = YES;
				GCC_WARN_UNUSED_VARIABLE = YES;
				IPHONEOS_DEPLOYMENT_TARGET = 13.6;
				MTL_ENABLE_DEBUG_INFO = INCLUDE_SOURCE;
				MTL_FAST_MATH = YES;
				ONLY_ACTIVE_ARCH = YES;
				SDKROOT = iphoneos;
				SWIFT_ACTIVE_COMPILATION_CONDITIONS = DEBUG;
				SWIFT_OPTIMIZATION_LEVEL = "-Onone";
			};
			name = Debug;
		};
		89E768FC24F0AE1100912111 /* Release */ = {
			isa = XCBuildConfiguration;
			buildSettings = {
				ALWAYS_SEARCH_USER_PATHS = NO;
				CLANG_ANALYZER_NONNULL = YES;
				CLANG_ANALYZER_NUMBER_OBJECT_CONVERSION = YES_AGGRESSIVE;
				CLANG_CXX_LANGUAGE_STANDARD = "gnu++14";
				CLANG_CXX_LIBRARY = "libc++";
				CLANG_ENABLE_MODULES = YES;
				CLANG_ENABLE_OBJC_ARC = YES;
				CLANG_ENABLE_OBJC_WEAK = YES;
				CLANG_WARN_BLOCK_CAPTURE_AUTORELEASING = YES;
				CLANG_WARN_BOOL_CONVERSION = YES;
				CLANG_WARN_COMMA = YES;
				CLANG_WARN_CONSTANT_CONVERSION = YES;
				CLANG_WARN_DEPRECATED_OBJC_IMPLEMENTATIONS = YES;
				CLANG_WARN_DIRECT_OBJC_ISA_USAGE = YES_ERROR;
				CLANG_WARN_DOCUMENTATION_COMMENTS = YES;
				CLANG_WARN_EMPTY_BODY = YES;
				CLANG_WARN_ENUM_CONVERSION = YES;
				CLANG_WARN_INFINITE_RECURSION = YES;
				CLANG_WARN_INT_CONVERSION = YES;
				CLANG_WARN_NON_LITERAL_NULL_CONVERSION = YES;
				CLANG_WARN_OBJC_IMPLICIT_RETAIN_SELF = YES;
				CLANG_WARN_OBJC_LITERAL_CONVERSION = YES;
				CLANG_WARN_OBJC_ROOT_CLASS = YES_ERROR;
				CLANG_WARN_RANGE_LOOP_ANALYSIS = YES;
				CLANG_WARN_STRICT_PROTOTYPES = YES;
				CLANG_WARN_SUSPICIOUS_MOVE = YES;
				CLANG_WARN_UNGUARDED_AVAILABILITY = YES_AGGRESSIVE;
				CLANG_WARN_UNREACHABLE_CODE = YES;
				CLANG_WARN__DUPLICATE_METHOD_MATCH = YES;
				COPY_PHASE_STRIP = NO;
				DEBUG_INFORMATION_FORMAT = "dwarf-with-dsym";
				ENABLE_NS_ASSERTIONS = NO;
				ENABLE_STRICT_OBJC_MSGSEND = YES;
				GCC_C_LANGUAGE_STANDARD = gnu11;
				GCC_NO_COMMON_BLOCKS = YES;
				GCC_WARN_64_TO_32_BIT_CONVERSION = YES;
				GCC_WARN_ABOUT_RETURN_TYPE = YES_ERROR;
				GCC_WARN_UNDECLARED_SELECTOR = YES;
				GCC_WARN_UNINITIALIZED_AUTOS = YES_AGGRESSIVE;
				GCC_WARN_UNUSED_FUNCTION = YES;
				GCC_WARN_UNUSED_VARIABLE = YES;
				IPHONEOS_DEPLOYMENT_TARGET = 13.6;
				MTL_ENABLE_DEBUG_INFO = NO;
				MTL_FAST_MATH = YES;
				SDKROOT = iphoneos;
				SWIFT_COMPILATION_MODE = wholemodule;
				SWIFT_OPTIMIZATION_LEVEL = "-O";
				VALIDATE_PRODUCT = YES;
			};
			name = Release;
		};
		89E768FE24F0AE1100912111 /* Debug */ = {
			isa = XCBuildConfiguration;
			buildSettings = {
				ASSETCATALOG_COMPILER_APPICON_NAME = AppIcon;
				CODE_SIGN_STYLE = Automatic;
				DEVELOPMENT_TEAM = VMPQ9V8S2A;
				INFOPLIST_FILE = "Sports Matching/Info.plist";
				LD_RUNPATH_SEARCH_PATHS = (
					"$(inherited)",
					"@executable_path/Frameworks",
				);
				PRODUCT_BUNDLE_IDENTIFIER = "com.EshaanGovil.Sports-Matching";
				PRODUCT_NAME = "$(TARGET_NAME)";
				SWIFT_VERSION = 5.0;
				TARGETED_DEVICE_FAMILY = "1,2";
			};
			name = Debug;
		};
		89E768FF24F0AE1100912111 /* Release */ = {
			isa = XCBuildConfiguration;
			buildSettings = {
				ASSETCATALOG_COMPILER_APPICON_NAME = AppIcon;
				CODE_SIGN_STYLE = Automatic;
				DEVELOPMENT_TEAM = VMPQ9V8S2A;
				INFOPLIST_FILE = "Sports Matching/Info.plist";
				LD_RUNPATH_SEARCH_PATHS = (
					"$(inherited)",
					"@executable_path/Frameworks",
				);
				PRODUCT_BUNDLE_IDENTIFIER = "com.EshaanGovil.Sports-Matching";
				PRODUCT_NAME = "$(TARGET_NAME)";
				SWIFT_VERSION = 5.0;
				TARGETED_DEVICE_FAMILY = "1,2";
			};
			name = Release;
		};
/* End XCBuildConfiguration section */

/* Begin XCConfigurationList section */
		89E768E424F0AE0D00912111 /* Build configuration list for PBXProject "Sports Matching" */ = {
			isa = XCConfigurationList;
			buildConfigurations = (
				89E768FB24F0AE1100912111 /* Debug */,
				89E768FC24F0AE1100912111 /* Release */,
			);
			defaultConfigurationIsVisible = 0;
			defaultConfigurationName = Release;
		};
		89E768FD24F0AE1100912111 /* Build configuration list for PBXNativeTarget "Sports Matching" */ = {
			isa = XCConfigurationList;
			buildConfigurations = (
				89E768FE24F0AE1100912111 /* Debug */,
				89E768FF24F0AE1100912111 /* Release */,
			);
			defaultConfigurationIsVisible = 0;
			defaultConfigurationName = Release;
		};
/* End XCConfigurationList section */
	};
	rootObject = 89E768E124F0AE0D00912111 /* Project object */;
}
